// !$*UTF8*$!
{
	archiveVersion = 1;
	classes = {
	};
	objectVersion = 46;
	objects = {

/* Begin PBXBuildFile section */
		C8F01264167976BF007220D0 /* Singleton.m in Sources */ = {isa = PBXBuildFile; fileRef = C8F01263167976BF007220D0 /* Singleton.m */; };
		C8F01268167979CD007220D0 /* one.m in Sources */ = {isa = PBXBuildFile; fileRef = C8F01267167979CD007220D0 /* one.m */; };
		C8F0126B16797A1C007220D0 /* two.m in Sources */ = {isa = PBXBuildFile; fileRef = C8F0126A16797A1C007220D0 /* two.m */; };
		C8F6682C1678A3AD00EB5DDD /* Foundation.framework in Frameworks */ = {isa = PBXBuildFile; fileRef = C8F6682B1678A3AD00EB5DDD /* Foundation.framework */; };
		C8F6682F1678A3AD00EB5DDD /* main.m in Sources */ = {isa = PBXBuildFile; fileRef = C8F6682E1678A3AD00EB5DDD /* main.m */; };
		C8F668331678A3AD00EB5DDD /* singleton_pattern.1 in CopyFiles */ = {isa = PBXBuildFile; fileRef = C8F668321678A3AD00EB5DDD /* singleton_pattern.1 */; };
/* End PBXBuildFile section */

/* Begin PBXCopyFilesBuildPhase section */
		C8F668251678A3AD00EB5DDD /* CopyFiles */ = {
			isa = PBXCopyFilesBuildPhase;
			buildActionMask = 2147483647;
			dstPath = /usr/share/man/man1/;
			dstSubfolderSpec = 0;
			files = (
				C8F668331678A3AD00EB5DDD /* singleton_pattern.1 in CopyFiles */,
			);
			runOnlyForDeploymentPostprocessing = 1;
		};
/* End PBXCopyFilesBuildPhase section */

/* Begin PBXFileReference section */
		C8F01262167976BF007220D0 /* Singleton.h */ = {isa = PBXFileReference; fileEncoding = 4; lastKnownFileType = sourcecode.c.h; path = Singleton.h; sourceTree = "<group>"; };
		C8F01263167976BF007220D0 /* Singleton.m */ = {isa = PBXFileReference; fileEncoding = 4; lastKnownFileType = sourcecode.c.objc; path = Singleton.m; sourceTree = "<group>"; };
		C8F01266167979CD007220D0 /* one.h */ = {isa = PBXFileReference; fileEncoding = 4; lastKnownFileType = sourcecode.c.h; path = one.h; sourceTree = "<group>"; };
		C8F01267167979CD007220D0 /* one.m */ = {isa = PBXFileReference; fileEncoding = 4; lastKnownFileType = sourcecode.c.objc; path = one.m; sourceTree = "<group>"; };
		C8F0126916797A1C007220D0 /* two.h */ = {isa = PBXFileReference; fileEncoding = 4; lastKnownFileType = sourcecode.c.h; path = two.h; sourceTree = "<group>"; };
		C8F0126A16797A1C007220D0 /* two.m */ = {isa = PBXFileReference; fileEncoding = 4; lastKnownFileType = sourcecode.c.objc; path = two.m; sourceTree = "<group>"; };
		C8F668271678A3AD00EB5DDD /* singleton pattern */ = {isa = PBXFileReference; explicitFileType = "compiled.mach-o.executable"; includeInIndex = 0; path = "singleton pattern"; sourceTree = BUILT_PRODUCTS_DIR; };
		C8F6682B1678A3AD00EB5DDD /* Foundation.framework */ = {isa = PBXFileReference; lastKnownFileType = wrapper.framework; name = Foundation.framework; path = System/Library/Frameworks/Foundation.framework; sourceTree = SDKROOT; };
		C8F6682E1678A3AD00EB5DDD /* main.m */ = {isa = PBXFileReference; lastKnownFileType = sourcecode.c.objc; path = main.m; sourceTree = "<group>"; };
		C8F668311678A3AD00EB5DDD /* singleton pattern-Prefix.pch */ = {isa = PBXFileReference; lastKnownFileType = sourcecode.c.h; path = "singleton pattern-Prefix.pch"; sourceTree = "<group>"; };
		C8F668321678A3AD00EB5DDD /* singleton_pattern.1 */ = {isa = PBXFileReference; lastKnownFileType = text.man; path = singleton_pattern.1; sourceTree = "<group>"; };
		C8F92BA21678A483002CBAF4 /* README.md */ = {isa = PBXFileReference; fileEncoding = 4; lastKnownFileType = text; path = README.md; sourceTree = "<group>"; };
/* End PBXFileReference section */

/* Begin PBXFrameworksBuildPhase section */
		C8F668241678A3AD00EB5DDD /* Frameworks */ = {
			isa = PBXFrameworksBuildPhase;
			buildActionMask = 2147483647;
			files = (
				C8F6682C1678A3AD00EB5DDD /* Foundation.framework in Frameworks */,
			);
			runOnlyForDeploymentPostprocessing = 0;
		};
/* End PBXFrameworksBuildPhase section */

/* Begin PBXGroup section */
		C8F6681C1678A3AC00EB5DDD = {
			isa = PBXGroup;
			children = (
				C8F92BA21678A483002CBAF4 /* README.md */,
				C8F6682D1678A3AD00EB5DDD /* singleton pattern */,
				C8F6682A1678A3AD00EB5DDD /* Frameworks */,
				C8F668281678A3AD00EB5DDD /* Products */,
			);
			sourceTree = "<group>";
		};
		C8F668281678A3AD00EB5DDD /* Products */ = {
			isa = PBXGroup;
			children = (
				C8F668271678A3AD00EB5DDD /* singleton pattern */,
			);
			name = Products;
			sourceTree = "<group>";
		};
		C8F6682A1678A3AD00EB5DDD /* Frameworks */ = {
			isa = PBXGroup;
			children = (
				C8F6682B1678A3AD00EB5DDD /* Foundation.framework */,
			);
			name = Frameworks;
			sourceTree = "<group>";
		};
		C8F6682D1678A3AD00EB5DDD /* singleton pattern */ = {
			isa = PBXGroup;
			children = (
				C8F6682E1678A3AD00EB5DDD /* main.m */,
				C8F668321678A3AD00EB5DDD /* singleton_pattern.1 */,
				C8F668301678A3AD00EB5DDD /* Supporting Files */,
				C8F01262167976BF007220D0 /* Singleton.h */,
				C8F01263167976BF007220D0 /* Singleton.m */,
				C8F01266167979CD007220D0 /* one.h */,
				C8F01267167979CD007220D0 /* one.m */,
				C8F0126916797A1C007220D0 /* two.h */,
				C8F0126A16797A1C007220D0 /* two.m */,
			);
			path = "singleton pattern";
			sourceTree = "<group>";
		};
		C8F668301678A3AD00EB5DDD /* Supporting Files */ = {
			isa = PBXGroup;
			children = (
				C8F668311678A3AD00EB5DDD /* singleton pattern-Prefix.pch */,
			);
			name = "Supporting Files";
			sourceTree = "<group>";
		};
/* End PBXGroup section */

/* Begin PBXNativeTarget section */
		C8F668261678A3AD00EB5DDD /* singleton pattern */ = {
			isa = PBXNativeTarget;
			buildConfigurationList = C8F668361678A3AD00EB5DDD /* Build configuration list for PBXNativeTarget "singleton pattern" */;
			buildPhases = (
				C8F668231678A3AD00EB5DDD /* Sources */,
				C8F668241678A3AD00EB5DDD /* Frameworks */,
				C8F668251678A3AD00EB5DDD /* CopyFiles */,
			);
			buildRules = (
			);
			dependencies = (
			);
			name = "singleton pattern";
			productName = "singleton pattern";
			productReference = C8F668271678A3AD00EB5DDD /* singleton pattern */;
			productType = "com.apple.product-type.tool";
		};
/* End PBXNativeTarget section */

/* Begin PBXProject section */
		C8F6681E1678A3AC00EB5DDD /* Project object */ = {
			isa = PBXProject;
			attributes = {
				LastUpgradeCheck = 0450;
				ORGANIZATIONNAME = gaoweiwei;
			};
			buildConfigurationList = C8F668211678A3AC00EB5DDD /* Build configuration list for PBXProject "singleton pattern" */;
			compatibilityVersion = "Xcode 3.2";
			developmentRegion = English;
			hasScannedForEncodings = 0;
			knownRegions = (
				en,
			);
			mainGroup = C8F6681C1678A3AC00EB5DDD;
			productRefGroup = C8F668281678A3AD00EB5DDD /* Products */;
			projectDirPath = "";
			projectRoot = "";
			targets = (
				C8F668261678A3AD00EB5DDD /* singleton pattern */,
			);
		};
/* End PBXProject section */

/* Begin PBXSourcesBuildPhase section */
		C8F668231678A3AD00EB5DDD /* Sources */ = {
			isa = PBXSourcesBuildPhase;
			buildActionMask = 2147483647;
			files = (
				C8F6682F1678A3AD00EB5DDD /* main.m in Sources */,
				C8F01264167976BF007220D0 /* Singleton.m in Sources */,
				C8F01268167979CD007220D0 /* one.m in Sources */,
				C8F0126B16797A1C007220D0 /* two.m in Sources */,
			);
			runOnlyForDeploymentPostprocessing = 0;
		};
/* End PBXSourcesBuildPhase section */

/* Begin XCBuildConfiguration section */
		C8F668341678A3AD00EB5DDD /* Debug */ = {
			isa = XCBuildConfiguration;
			buildSettings = {
				ALWAYS_SEARCH_USER_PATHS = NO;
				ARCHS = "$(ARCHS_STANDARD_64_BIT)";
				CLANG_CXX_LANGUAGE_STANDARD = "gnu++0x";
				CLANG_CXX_LIBRARY = "libc++";
				CLANG_WARN_EMPTY_BODY = YES;
				CLANG_WARN__DUPLICATE_METHOD_MATCH = YES;
				COPY_PHASE_STRIP = NO;
				GCC_C_LANGUAGE_STANDARD = gnu99;
				GCC_DYNAMIC_NO_PIC = NO;
				GCC_ENABLE_OBJC_EXCEPTIONS = YES;
				GCC_OPTIMIZATION_LEVEL = 0;
				GCC_PREPROCESSOR_DEFINITIONS = (
					"DEBUG=1",
					"$(inherited)",
				);
				GCC_SYMBOLS_PRIVATE_EXTERN = NO;
				GCC_WARN_64_TO_32_BIT_CONVERSION = YES;
				GCC_WARN_ABOUT_RETURN_TYPE = YES;
				GCC_WARN_UNINITIALIZED_AUTOS = YES;
				GCC_WARN_UNUSED_VARIABLE = YES;
				MACOSX_DEPLOYMENT_TARGET = 10.8;
				ONLY_ACTIVE_ARCH = YES;
				SDKROOT = macosx;
			};
			name = Debug;
		};
		C8F668351678A3AD00EB5DDD /* Release */ = {
			isa = XCBuildConfiguration;
			buildSettings = {
				ALWAYS_SEARCH_USER_PATHS = NO;
				ARCHS = "$(ARCHS_STANDARD_64_BIT)";
				CLANG_CXX_LANGUAGE_STANDARD = "gnu++0x";
				CLANG_CXX_LIBRARY = "libc++";
				CLANG_WARN_EMPTY_BODY = YES;
				CLANG_WARN__DUPLICATE_METHOD_MATCH = YES;
				COPY_PHASE_STRIP = YES;
				DEBUG_INFORMATION_FORMAT = "dwarf-with-dsym";
				GCC_C_LANGUAGE_STANDARD = gnu99;
				GCC_ENABLE_OBJC_EXCEPTIONS = YES;
				GCC_WARN_64_TO_32_BIT_CONVERSION = YES;
				GCC_WARN_ABOUT_RETURN_TYPE = YES;
				GCC_WARN_UNINITIALIZED_AUTOS = YES;
				GCC_WARN_UNUSED_VARIABLE = YES;
				MACOSX_DEPLOYMENT_TARGET = 10.8;
				SDKROOT = macosx;
			};
			name = Release;
		};
		C8F668371678A3AD00EB5DDD /* Debug */ = {
			isa = XCBuildConfiguration;
			buildSettings = {
				GCC_PRECOMPILE_PREFIX_HEADER = YES;
				GCC_PREFIX_HEADER = "singleton pattern/singleton pattern-Prefix.pch";
				PRODUCT_NAME = "$(TARGET_NAME)";
			};
			name = Debug;
		};
		C8F668381678A3AD00EB5DDD /* Release */ = {
			isa = XCBuildConfiguration;
			buildSettings = {
				GCC_PRECOMPILE_PREFIX_HEADER = YES;
				GCC_PREFIX_HEADER = "singleton pattern/singleton pattern-Prefix.pch";
				PRODUCT_NAME = "$(TARGET_NAME)";
			};
			name = Release;
		};
/* End XCBuildConfiguration section */

/* Begin XCConfigurationList section */
		C8F668211678A3AC00EB5DDD /* Build configuration list for PBXProject "singleton pattern" */ = {
			isa = XCConfigurationList;
			buildConfigurations = (
				C8F668341678A3AD00EB5DDD /* Debug */,
				C8F668351678A3AD00EB5DDD /* Release */,
			);
			defaultConfigurationIsVisible = 0;
			defaultConfigurationName = Release;
		};
		C8F668361678A3AD00EB5DDD /* Build configuration list for PBXNativeTarget "singleton pattern" */ = {
			isa = XCConfigurationList;
			buildConfigurations = (
				C8F668371678A3AD00EB5DDD /* Debug */,
				C8F668381678A3AD00EB5DDD /* Release */,
			);
			defaultConfigurationIsVisible = 0;
			defaultConfigurationName = Release;
		};
/* End XCConfigurationList section */
	};
	rootObject = C8F6681E1678A3AC00EB5DDD /* Project object */;
}
